
Microsoft Visual Studio Solution File, Format Version 12.00
# Visual Studio Version 16
VisualStudioVersion = 16.0.29728.190
MinimumVisualStudioVersion = 10.0.40219.1
Project("{FAE04EC0-301F-11D3-BF4B-00C04F79EFBC}") = "textTo64", "textTo64\textTo64.csproj", "{14141706-C0A9-4BDC-8117-5C2B863841EA}"
EndProject
Global
	GlobalSection(SolutionConfigurationPlatforms) = preSolution
		Debug|Any CPU = Debug|Any CPU
		Release|Any CPU = Release|Any CPU
	EndGlobalSection
	GlobalSection(ProjectConfigurationPlatforms) = postSolution
		{14141706-C0A9-4BDC-8117-5C2B863841EA}.Debug|Any CPU.ActiveCfg = Debug|Any CPU
		{14141706-C0A9-4BDC-8117-5C2B863841EA}.Debug|Any CPU.Build.0 = Debug|Any CPU
		{14141706-C0A9-4BDC-8117-5C2B863841EA}.Release|Any CPU.ActiveCfg = Release|Any CPU
		{14141706-C0A9-4BDC-8117-5C2B863841EA}.Release|Any CPU.Build.0 = Release|Any CPU
	EndGlobalSection
	GlobalSection(SolutionProperties) = preSolution
		HideSolutionNode = FALSE
	EndGlobalSection
	GlobalSection(ExtensibilityGlobals) = postSolution
		SolutionGuid = {FDA156EA-8A9F-43D3-A1C2-FBB9DFC44391}
	EndGlobalSection
EndGlobal
